PODS:
  - ERModuleDemo (1.0.4)
  - Masonry (1.0.2)
  - SDAutoLayout (2.1.8)

DEPENDENCIES:
  - ERModuleDemo
  - Masonry (~> 1.0.2)
  - SDAutoLayout (~> 2.1.8)

SPEC CHECKSUMS:
  ERModuleDemo: f6f86969e94abac63141107673508a24bb1e3359
  Masonry: 7c429b56da9d4ee0bbb3ed77a5ea710d6a5df39e
  SDAutoLayout: 5a4b48d6b8a5172ae8d088d2879e40dd795e6251

PODFILE CHECKSUM: 3066103be902f7f522486e15c3aabe35156733a4

COCOAPODS: 1.2.1
