<?xml version="1.0" encoding="UTF-8"?>
<!DOCTYPE plist PUBLIC "-//Apple//DTD PLIST 1.0//EN" "http://www.apple.com/DTDs/PropertyList-1.0.dtd">
<plist version="1.0">
<dict>
	<key>archiveVersion</key>
	<string>1</string>
	<key>classes</key>
	<dict/>
	<key>objectVersion</key>
	<string>46</string>
	<key>objects</key>
	<dict>
		<key>00FFA6BEB781305C7FD020B8</key>
		<dict>
			<key>children</key>
			<array>
				<string>4FF7A5FC80432B6A23798F0B</string>
			</array>
			<key>isa</key>
			<string>PBXGroup</string>
			<key>name</key>
			<string>Frameworks</string>
			<key>sourceTree</key>
			<string>&lt;group&gt;</string>
		</dict>
		<key>2ED07F26F7E0179E86347BE7</key>
		<dict>
			<key>buildActionMask</key>
			<string>2147483647</string>
			<key>files</key>
			<array/>
			<key>inputPaths</key>
			<array/>
			<key>isa</key>
			<string>PBXShellScriptBuildPhase</string>
			<key>name</key>
			<string>[CP] Embed Pods Frameworks</string>
			<key>outputPaths</key>
			<array/>
			<key>runOnlyForDeploymentPostprocessing</key>
			<string>0</string>
			<key>shellPath</key>
			<string>/bin/sh</string>
			<key>shellScript</key>
			<string>"${SRCROOT}/Pods/Target Support Files/Pods-ErHuDemo/Pods-ErHuDemo-frameworks.sh"
</string>
			<key>showEnvVarsInLog</key>
			<string>0</string>
		</dict>
		<key>4FF7A5FC80432B6A23798F0B</key>
		<dict>
			<key>explicitFileType</key>
			<string>wrapper.framework</string>
			<key>includeInIndex</key>
			<string>0</string>
			<key>isa</key>
			<string>PBXFileReference</string>
			<key>path</key>
			<string>Pods_ErHuDemo.framework</string>
			<key>sourceTree</key>
			<string>BUILT_PRODUCTS_DIR</string>
		</dict>
		<key>552EDBF47EDD260649CE423C</key>
		<dict>
			<key>includeInIndex</key>
			<string>1</string>
			<key>isa</key>
			<string>PBXFileReference</string>
			<key>lastKnownFileType</key>
			<string>text.xcconfig</string>
			<key>name</key>
			<string>Pods-ErHuDemo.debug.xcconfig</string>
			<key>path</key>
			<string>Pods/Target Support Files/Pods-ErHuDemo/Pods-ErHuDemo.debug.xcconfig</string>
			<key>sourceTree</key>
			<string>&lt;group&gt;</string>
		</dict>
		<key>834ACB4DF304DD3E9A4764EF</key>
		<dict>
			<key>buildActionMask</key>
			<string>2147483647</string>
			<key>files</key>
			<array/>
			<key>inputPaths</key>
			<array/>
			<key>isa</key>
			<string>PBXShellScriptBuildPhase</string>
			<key>name</key>
			<string>[CP] Check Pods Manifest.lock</string>
			<key>outputPaths</key>
			<array/>
			<key>runOnlyForDeploymentPostprocessing</key>
			<string>0</string>
			<key>shellPath</key>
			<string>/bin/sh</string>
			<key>shellScript</key>
			<string>diff "${PODS_PODFILE_DIR_PATH}/Podfile.lock" "${PODS_ROOT}/Manifest.lock" &gt; /dev/null
if [ $? != 0 ] ; then
    # print error to STDERR
    echo "error: The sandbox is not in sync with the Podfile.lock. Run 'pod install' or update your CocoaPods installation." &gt;&amp;2
    exit 1
fi
</string>
			<key>showEnvVarsInLog</key>
			<string>0</string>
		</dict>
		<key>872C4472F764ACCA16999165</key>
		<dict>
			<key>fileRef</key>
			<string>4FF7A5FC80432B6A23798F0B</string>
			<key>isa</key>
			<string>PBXBuildFile</string>
		</dict>
		<key>A3534ED06E437ECAE46E008D</key>
		<dict>
			<key>buildActionMask</key>
			<string>2147483647</string>
			<key>files</key>
			<array/>
			<key>inputPaths</key>
			<array/>
			<key>isa</key>
			<string>PBXShellScriptBuildPhase</string>
			<key>name</key>
			<string>[CP] Copy Pods Resources</string>
			<key>outputPaths</key>
			<array/>
			<key>runOnlyForDeploymentPostprocessing</key>
			<string>0</string>
			<key>shellPath</key>
			<string>/bin/sh</string>
			<key>shellScript</key>
			<string>"${SRCROOT}/Pods/Target Support Files/Pods-ErHuDemo/Pods-ErHuDemo-resources.sh"
</string>
			<key>showEnvVarsInLog</key>
			<string>0</string>
		</dict>
		<key>A5B2337C35E1FCA709A6AA60</key>
		<dict>
			<key>children</key>
			<array>
				<string>552EDBF47EDD260649CE423C</string>
				<string>BC90A404FBE9B538B2EEF989</string>
			</array>
			<key>isa</key>
			<string>PBXGroup</string>
			<key>name</key>
			<string>Pods</string>
			<key>sourceTree</key>
			<string>&lt;group&gt;</string>
		</dict>
		<key>BC90A404FBE9B538B2EEF989</key>
		<dict>
			<key>includeInIndex</key>
			<string>1</string>
			<key>isa</key>
			<string>PBXFileReference</string>
			<key>lastKnownFileType</key>
			<string>text.xcconfig</string>
			<key>name</key>
			<string>Pods-ErHuDemo.release.xcconfig</string>
			<key>path</key>
			<string>Pods/Target Support Files/Pods-ErHuDemo/Pods-ErHuDemo.release.xcconfig</string>
			<key>sourceTree</key>
			<string>&lt;group&gt;</string>
		</dict>
		<key>D8060D551F02028B0011BA25</key>
		<dict>
			<key>fileEncoding</key>
			<string>4</string>
			<key>isa</key>
			<string>PBXFileReference</string>
			<key>lastKnownFileType</key>
			<string>sourcecode.c.h</string>
			<key>path</key>
			<string>MainTabBarController.h</string>
			<key>sourceTree</key>
			<string>&lt;group&gt;</string>
		</dict>
		<key>D8060D561F02028B0011BA25</key>
		<dict>
			<key>fileEncoding</key>
			<string>4</string>
			<key>isa</key>
			<string>PBXFileReference</string>
			<key>lastKnownFileType</key>
			<string>sourcecode.c.objc</string>
			<key>path</key>
			<string>MainTabBarController.m</string>
			<key>sourceTree</key>
			<string>&lt;group&gt;</string>
		</dict>
		<key>D8060D571F02028B0011BA25</key>
		<dict>
			<key>fileRef</key>
			<string>D8060D561F02028B0011BA25</string>
			<key>isa</key>
			<string>PBXBuildFile</string>
		</dict>
		<key>D8060D581F02042A0011BA25</key>
		<dict>
			<key>fileEncoding</key>
			<string>4</string>
			<key>isa</key>
			<string>PBXFileReference</string>
			<key>lastKnownFileType</key>
			<string>sourcecode.c.h</string>
			<key>path</key>
			<string>TwoViewController.h</string>
			<key>sourceTree</key>
			<string>&lt;group&gt;</string>
		</dict>
		<key>D8060D591F02042A0011BA25</key>
		<dict>
			<key>fileEncoding</key>
			<string>4</string>
			<key>isa</key>
			<string>PBXFileReference</string>
			<key>lastKnownFileType</key>
			<string>sourcecode.c.objc</string>
			<key>path</key>
			<string>TwoViewController.m</string>
			<key>sourceTree</key>
			<string>&lt;group&gt;</string>
		</dict>
		<key>D8060D5A1F02042A0011BA25</key>
		<dict>
			<key>fileRef</key>
			<string>D8060D591F02042A0011BA25</string>
			<key>isa</key>
			<string>PBXBuildFile</string>
		</dict>
		<key>D8060D5B1F0207C90011BA25</key>
		<dict>
			<key>children</key>
			<array>
				<string>D8F754F81F0B700C008459D1</string>
				<string>D8F754F71F0B700C008459D1</string>
			</array>
			<key>isa</key>
			<string>PBXGroup</string>
			<key>path</key>
			<string>ERPageController</string>
			<key>sourceTree</key>
			<string>&lt;group&gt;</string>
		</dict>
		<key>D8060D621F0228FB0011BA25</key>
		<dict>
			<key>children</key>
			<array>
				<string>D8060D581F02042A0011BA25</string>
				<string>D8060D591F02042A0011BA25</string>
				<string>D8060D641F0229300011BA25</string>
				<string>D8060D651F0229300011BA25</string>
				<string>D8060D671F02293A0011BA25</string>
				<string>D8060D681F02293A0011BA25</string>
				<string>D8060D6A1F0229470011BA25</string>
				<string>D8060D6B1F0229470011BA25</string>
				<string>D8060D6D1F0229550011BA25</string>
				<string>D8060D6E1F0229550011BA25</string>
			</array>
			<key>isa</key>
			<string>PBXGroup</string>
			<key>name</key>
			<string>TabBarViewControllers[1]</string>
			<key>sourceTree</key>
			<string>&lt;group&gt;</string>
		</dict>
		<key>D8060D631F0229090011BA25</key>
		<dict>
			<key>children</key>
			<array>
				<string>D83F94C11EE4EDEE00EB9ACB</string>
				<string>D83F94C21EE4EDEE00EB9ACB</string>
				<string>D83F94BF1EE4EDEE00EB9ACB</string>
				<string>D83F94C01EE4EDEE00EB9ACB</string>
				<string>D83F94C81EE4F49900EB9ACB</string>
				<string>D83F94C91EE4F49900EB9ACB</string>
				<string>D830C5C21EF2647200C87E8A</string>
				<string>D830C5C71EF264EE00C87E8A</string>
				<string>D88F7F911F0DC79700D3E582</string>
				<string>D88F7F921F0DC79700D3E582</string>
				<string>D8E722FA1F147C1E00585EFF</string>
				<string>D8E722FB1F147C1E00585EFF</string>
			</array>
			<key>isa</key>
			<string>PBXGroup</string>
			<key>name</key>
			<string>TabBarViewControllers[0]</string>
			<key>sourceTree</key>
			<string>&lt;group&gt;</string>
		</dict>
		<key>D8060D641F0229300011BA25</key>
		<dict>
			<key>fileEncoding</key>
			<string>4</string>
			<key>isa</key>
			<string>PBXFileReference</string>
			<key>lastKnownFileType</key>
			<string>sourcecode.c.h</string>
			<key>path</key>
			<string>PageOneViewController.h</string>
			<key>sourceTree</key>
			<string>&lt;group&gt;</string>
		</dict>
		<key>D8060D651F0229300011BA25</key>
		<dict>
			<key>fileEncoding</key>
			<string>4</string>
			<key>isa</key>
			<string>PBXFileReference</string>
			<key>lastKnownFileType</key>
			<string>sourcecode.c.objc</string>
			<key>path</key>
			<string>PageOneViewController.m</string>
			<key>sourceTree</key>
			<string>&lt;group&gt;</string>
		</dict>
		<key>D8060D661F0229300011BA25</key>
		<dict>
			<key>fileRef</key>
			<string>D8060D651F0229300011BA25</string>
			<key>isa</key>
			<string>PBXBuildFile</string>
		</dict>
		<key>D8060D671F02293A0011BA25</key>
		<dict>
			<key>fileEncoding</key>
			<string>4</string>
			<key>isa</key>
			<string>PBXFileReference</string>
			<key>lastKnownFileType</key>
			<string>sourcecode.c.h</string>
			<key>path</key>
			<string>PageTwoViewController.h</string>
			<key>sourceTree</key>
			<string>&lt;group&gt;</string>
		</dict>
		<key>D8060D681F02293A0011BA25</key>
		<dict>
			<key>fileEncoding</key>
			<string>4</string>
			<key>isa</key>
			<string>PBXFileReference</string>
			<key>lastKnownFileType</key>
			<string>sourcecode.c.objc</string>
			<key>path</key>
			<string>PageTwoViewController.m</string>
			<key>sourceTree</key>
			<string>&lt;group&gt;</string>
		</dict>
		<key>D8060D691F02293A0011BA25</key>
		<dict>
			<key>fileRef</key>
			<string>D8060D681F02293A0011BA25</string>
			<key>isa</key>
			<string>PBXBuildFile</string>
		</dict>
		<key>D8060D6A1F0229470011BA25</key>
		<dict>
			<key>fileEncoding</key>
			<string>4</string>
			<key>isa</key>
			<string>PBXFileReference</string>
			<key>lastKnownFileType</key>
			<string>sourcecode.c.h</string>
			<key>path</key>
			<string>PageThreeViewController.h</string>
			<key>sourceTree</key>
			<string>&lt;group&gt;</string>
		</dict>
		<key>D8060D6B1F0229470011BA25</key>
		<dict>
			<key>fileEncoding</key>
			<string>4</string>
			<key>isa</key>
			<string>PBXFileReference</string>
			<key>lastKnownFileType</key>
			<string>sourcecode.c.objc</string>
			<key>path</key>
			<string>PageThreeViewController.m</string>
			<key>sourceTree</key>
			<string>&lt;group&gt;</string>
		</dict>
		<key>D8060D6C1F0229470011BA25</key>
		<dict>
			<key>fileRef</key>
			<string>D8060D6B1F0229470011BA25</string>
			<key>isa</key>
			<string>PBXBuildFile</string>
		</dict>
		<key>D8060D6D1F0229550011BA25</key>
		<dict>
			<key>fileEncoding</key>
			<string>4</string>
			<key>isa</key>
			<string>PBXFileReference</string>
			<key>lastKnownFileType</key>
			<string>sourcecode.c.h</string>
			<key>path</key>
			<string>PageFourViewController.h</string>
			<key>sourceTree</key>
			<string>&lt;group&gt;</string>
		</dict>
		<key>D8060D6E1F0229550011BA25</key>
		<dict>
			<key>fileEncoding</key>
			<string>4</string>
			<key>isa</key>
			<string>PBXFileReference</string>
			<key>lastKnownFileType</key>
			<string>sourcecode.c.objc</string>
			<key>path</key>
			<string>PageFourViewController.m</string>
			<key>sourceTree</key>
			<string>&lt;group&gt;</string>
		</dict>
		<key>D8060D6F1F0229550011BA25</key>
		<dict>
			<key>fileRef</key>
			<string>D8060D6E1F0229550011BA25</string>
			<key>isa</key>
			<string>PBXBuildFile</string>
		</dict>
		<key>D830C5BC1EF2599F00C87E8A</key>
		<dict>
			<key>children</key>
			<array>
				<string>D830C5BD1EF25A3300C87E8A</string>
				<string>D830C5BE1EF25A3300C87E8A</string>
				<string>D830C5BF1EF25A3300C87E8A</string>
				<string>D83239A01EF3679F000A61E4</string>
				<string>D83239A11EF3679F000A61E4</string>
				<string>D83239A21EF3679F000A61E4</string>
				<string>D886C55D1F00AF4E00548C01</string>
				<string>D886C55E1F00AF4E00548C01</string>
				<string>D886C55F1F00AF4E00548C01</string>
			</array>
			<key>isa</key>
			<string>PBXGroup</string>
			<key>path</key>
			<string>InputBar</string>
			<key>sourceTree</key>
			<string>&lt;group&gt;</string>
		</dict>
		<key>D830C5BD1EF25A3300C87E8A</key>
		<dict>
			<key>fileEncoding</key>
			<string>4</string>
			<key>isa</key>
			<string>PBXFileReference</string>
			<key>lastKnownFileType</key>
			<string>sourcecode.c.h</string>
			<key>path</key>
			<string>InputBarViewController.h</string>
			<key>sourceTree</key>
			<string>&lt;group&gt;</string>
		</dict>
		<key>D830C5BE1EF25A3300C87E8A</key>
		<dict>
			<key>fileEncoding</key>
			<string>4</string>
			<key>isa</key>
			<string>PBXFileReference</string>
			<key>lastKnownFileType</key>
			<string>sourcecode.c.objc</string>
			<key>path</key>
			<string>InputBarViewController.m</string>
			<key>sourceTree</key>
			<string>&lt;group&gt;</string>
		</dict>
		<key>D830C5BF1EF25A3300C87E8A</key>
		<dict>
			<key>fileEncoding</key>
			<string>4</string>
			<key>isa</key>
			<string>PBXFileReference</string>
			<key>lastKnownFileType</key>
			<string>file.xib</string>
			<key>path</key>
			<string>InputBarViewController.xib</string>
			<key>sourceTree</key>
			<string>&lt;group&gt;</string>
		</dict>
		<key>D830C5C01EF25A3300C87E8A</key>
		<dict>
			<key>fileRef</key>
			<string>D830C5BE1EF25A3300C87E8A</string>
			<key>isa</key>
			<string>PBXBuildFile</string>
		</dict>
		<key>D830C5C11EF25A3300C87E8A</key>
		<dict>
			<key>fileRef</key>
			<string>D830C5BF1EF25A3300C87E8A</string>
			<key>isa</key>
			<string>PBXBuildFile</string>
		</dict>
		<key>D830C5C21EF2647200C87E8A</key>
		<dict>
			<key>fileEncoding</key>
			<string>4</string>
			<key>isa</key>
			<string>PBXFileReference</string>
			<key>lastKnownFileType</key>
			<string>sourcecode.c.h</string>
			<key>path</key>
			<string>InputMenuViewController.h</string>
			<key>sourceTree</key>
			<string>&lt;group&gt;</string>
		</dict>
		<key>D830C5C71EF264EE00C87E8A</key>
		<dict>
			<key>fileEncoding</key>
			<string>4</string>
			<key>isa</key>
			<string>PBXFileReference</string>
			<key>lastKnownFileType</key>
			<string>sourcecode.c.objc</string>
			<key>path</key>
			<string>InputMenuViewController.m</string>
			<key>sourceTree</key>
			<string>&lt;group&gt;</string>
		</dict>
		<key>D830C5C81EF264EE00C87E8A</key>
		<dict>
			<key>fileRef</key>
			<string>D830C5C71EF264EE00C87E8A</string>
			<key>isa</key>
			<string>PBXBuildFile</string>
		</dict>
		<key>D83239A01EF3679F000A61E4</key>
		<dict>
			<key>fileEncoding</key>
			<string>4</string>
			<key>isa</key>
			<string>PBXFileReference</string>
			<key>lastKnownFileType</key>
			<string>sourcecode.c.h</string>
			<key>path</key>
			<string>mediaSelectViewController.h</string>
			<key>sourceTree</key>
			<string>&lt;group&gt;</string>
		</dict>
		<key>D83239A11EF3679F000A61E4</key>
		<dict>
			<key>fileEncoding</key>
			<string>4</string>
			<key>isa</key>
			<string>PBXFileReference</string>
			<key>lastKnownFileType</key>
			<string>sourcecode.c.objc</string>
			<key>path</key>
			<string>mediaSelectViewController.m</string>
			<key>sourceTree</key>
			<string>&lt;group&gt;</string>
		</dict>
		<key>D83239A21EF3679F000A61E4</key>
		<dict>
			<key>fileEncoding</key>
			<string>4</string>
			<key>isa</key>
			<string>PBXFileReference</string>
			<key>lastKnownFileType</key>
			<string>file.xib</string>
			<key>path</key>
			<string>mediaSelectViewController.xib</string>
			<key>sourceTree</key>
			<string>&lt;group&gt;</string>
		</dict>
		<key>D83239A31EF3679F000A61E4</key>
		<dict>
			<key>fileRef</key>
			<string>D83239A11EF3679F000A61E4</string>
			<key>isa</key>
			<string>PBXBuildFile</string>
		</dict>
		<key>D83239A41EF3679F000A61E4</key>
		<dict>
			<key>fileRef</key>
			<string>D83239A21EF3679F000A61E4</string>
			<key>isa</key>
			<string>PBXBuildFile</string>
		</dict>
		<key>D83F94BE1EE4EDEE00EB9ACB</key>
		<dict>
			<key>children</key>
			<array>
				<string>D8060D631F0229090011BA25</string>
				<string>D8060D621F0228FB0011BA25</string>
			</array>
			<key>isa</key>
			<string>PBXGroup</string>
			<key>path</key>
			<string>Controller</string>
			<key>sourceTree</key>
			<string>&lt;group&gt;</string>
		</dict>
		<key>D83F94BF1EE4EDEE00EB9ACB</key>
		<dict>
			<key>fileEncoding</key>
			<string>4</string>
			<key>isa</key>
			<string>PBXFileReference</string>
			<key>lastKnownFileType</key>
			<string>sourcecode.c.h</string>
			<key>path</key>
			<string>HandPaintViewController.h</string>
			<key>sourceTree</key>
			<string>&lt;group&gt;</string>
		</dict>
		<key>D83F94C01EE4EDEE00EB9ACB</key>
		<dict>
			<key>fileEncoding</key>
			<string>4</string>
			<key>isa</key>
			<string>PBXFileReference</string>
			<key>lastKnownFileType</key>
			<string>sourcecode.c.objc</string>
			<key>path</key>
			<string>HandPaintViewController.m</string>
			<key>sourceTree</key>
			<string>&lt;group&gt;</string>
		</dict>
		<key>D83F94C11EE4EDEE00EB9ACB</key>
		<dict>
			<key>fileEncoding</key>
			<string>4</string>
			<key>isa</key>
			<string>PBXFileReference</string>
			<key>lastKnownFileType</key>
			<string>sourcecode.c.h</string>
			<key>path</key>
			<string>ViewController.h</string>
			<key>sourceTree</key>
			<string>&lt;group&gt;</string>
		</dict>
		<key>D83F94C21EE4EDEE00EB9ACB</key>
		<dict>
			<key>fileEncoding</key>
			<string>4</string>
			<key>isa</key>
			<string>PBXFileReference</string>
			<key>lastKnownFileType</key>
			<string>sourcecode.c.objc</string>
			<key>path</key>
			<string>ViewController.m</string>
			<key>sourceTree</key>
			<string>&lt;group&gt;</string>
		</dict>
		<key>D83F94C31EE4EDEE00EB9ACB</key>
		<dict>
			<key>fileRef</key>
			<string>D83F94C01EE4EDEE00EB9ACB</string>
			<key>isa</key>
			<string>PBXBuildFile</string>
		</dict>
		<key>D83F94C41EE4EDEE00EB9ACB</key>
		<dict>
			<key>fileRef</key>
			<string>D83F94C21EE4EDEE00EB9ACB</string>
			<key>isa</key>
			<string>PBXBuildFile</string>
		</dict>
		<key>D83F94C81EE4F49900EB9ACB</key>
		<dict>
			<key>fileEncoding</key>
			<string>4</string>
			<key>isa</key>
			<string>PBXFileReference</string>
			<key>lastKnownFileType</key>
			<string>sourcecode.c.h</string>
			<key>path</key>
			<string>VideoRecordingViewController.h</string>
			<key>sourceTree</key>
			<string>&lt;group&gt;</string>
		</dict>
		<key>D83F94C91EE4F49900EB9ACB</key>
		<dict>
			<key>fileEncoding</key>
			<string>4</string>
			<key>isa</key>
			<string>PBXFileReference</string>
			<key>lastKnownFileType</key>
			<string>sourcecode.c.objc</string>
			<key>path</key>
			<string>VideoRecordingViewController.m</string>
			<key>sourceTree</key>
			<string>&lt;group&gt;</string>
		</dict>
		<key>D83F94CA1EE4F49900EB9ACB</key>
		<dict>
			<key>fileRef</key>
			<string>D83F94C91EE4F49900EB9ACB</string>
			<key>isa</key>
			<string>PBXBuildFile</string>
		</dict>
		<key>D83F94CB1EE4F51200EB9ACB</key>
		<dict>
			<key>children</key>
			<array>
				<string>D83F94CF1EE4F56D00EB9ACB</string>
				<string>D83F94D01EE4F56D00EB9ACB</string>
				<string>D83F94EB1EE4FDB200EB9ACB</string>
				<string>D83F94EC1EE4FDB200EB9ACB</string>
				<string>D83F94ED1EE4FDB200EB9ACB</string>
				<string>D83F94EE1EE4FDB200EB9ACB</string>
				<string>D83F94D21EE4F5BA00EB9ACB</string>
				<string>D83F94D31EE4F5BA00EB9ACB</string>
				<string>D83F94CC1EE4F53100EB9ACB</string>
				<string>D83F94CD1EE4F53100EB9ACB</string>
			</array>
			<key>isa</key>
			<string>PBXGroup</string>
			<key>path</key>
			<string>VideoRecord</string>
			<key>sourceTree</key>
			<string>&lt;group&gt;</string>
		</dict>
		<key>D83F94CC1EE4F53100EB9ACB</key>
		<dict>
			<key>fileEncoding</key>
			<string>4</string>
			<key>isa</key>
			<string>PBXFileReference</string>
			<key>lastKnownFileType</key>
			<string>sourcecode.c.h</string>
			<key>path</key>
			<string>CircleProgressView.h</string>
			<key>sourceTree</key>
			<string>&lt;group&gt;</string>
		</dict>
		<key>D83F94CD1EE4F53100EB9ACB</key>
		<dict>
			<key>fileEncoding</key>
			<string>4</string>
			<key>isa</key>
			<string>PBXFileReference</string>
			<key>lastKnownFileType</key>
			<string>sourcecode.c.objc</string>
			<key>path</key>
			<string>CircleProgressView.m</string>
			<key>sourceTree</key>
			<string>&lt;group&gt;</string>
		</dict>
		<key>D83F94CE1EE4F53100EB9ACB</key>
		<dict>
			<key>fileRef</key>
			<string>D83F94CD1EE4F53100EB9ACB</string>
			<key>isa</key>
			<string>PBXBuildFile</string>
		</dict>
		<key>D83F94CF1EE4F56D00EB9ACB</key>
		<dict>
			<key>fileEncoding</key>
			<string>4</string>
			<key>isa</key>
			<string>PBXFileReference</string>
			<key>lastKnownFileType</key>
			<string>sourcecode.c.h</string>
			<key>path</key>
			<string>VideoRecordManager.h</string>
			<key>sourceTree</key>
			<string>&lt;group&gt;</string>
		</dict>
		<key>D83F94D01EE4F56D00EB9ACB</key>
		<dict>
			<key>fileEncoding</key>
			<string>4</string>
			<key>isa</key>
			<string>PBXFileReference</string>
			<key>lastKnownFileType</key>
			<string>sourcecode.c.objc</string>
			<key>path</key>
			<string>VideoRecordManager.m</string>
			<key>sourceTree</key>
			<string>&lt;group&gt;</string>
		</dict>
		<key>D83F94D11EE4F56D00EB9ACB</key>
		<dict>
			<key>fileRef</key>
			<string>D83F94D01EE4F56D00EB9ACB</string>
			<key>isa</key>
			<string>PBXBuildFile</string>
		</dict>
		<key>D83F94D21EE4F5BA00EB9ACB</key>
		<dict>
			<key>fileEncoding</key>
			<string>4</string>
			<key>isa</key>
			<string>PBXFileReference</string>
			<key>lastKnownFileType</key>
			<string>sourcecode.c.h</string>
			<key>path</key>
			<string>VideoFileManager.h</string>
			<key>sourceTree</key>
			<string>&lt;group&gt;</string>
		</dict>
		<key>D83F94D31EE4F5BA00EB9ACB</key>
		<dict>
			<key>fileEncoding</key>
			<string>4</string>
			<key>isa</key>
			<string>PBXFileReference</string>
			<key>lastKnownFileType</key>
			<string>sourcecode.c.objc</string>
			<key>path</key>
			<string>VideoFileManager.m</string>
			<key>sourceTree</key>
			<string>&lt;group&gt;</string>
		</dict>
		<key>D83F94D41EE4F5BA00EB9ACB</key>
		<dict>
			<key>fileRef</key>
			<string>D83F94D31EE4F5BA00EB9ACB</string>
			<key>isa</key>
			<string>PBXBuildFile</string>
		</dict>
		<key>D83F94DC1EE4F8A600EB9ACB</key>
		<dict>
			<key>isa</key>
			<string>PBXFileReference</string>
			<key>lastKnownFileType</key>
			<string>sourcecode.c.h</string>
			<key>path</key>
			<string>PrefixHeader.pch</string>
			<key>sourceTree</key>
			<string>&lt;group&gt;</string>
		</dict>
		<key>D83F94DE1EE4F8DF00EB9ACB</key>
		<dict>
			<key>isa</key>
			<string>PBXFileReference</string>
			<key>lastKnownFileType</key>
			<string>sourcecode.c.h</string>
			<key>path</key>
			<string>ErHuDemo.h</string>
			<key>sourceTree</key>
			<string>&lt;group&gt;</string>
		</dict>
		<key>D83F94EB1EE4FDB200EB9ACB</key>
		<dict>
			<key>fileEncoding</key>
			<string>4</string>
			<key>isa</key>
			<string>PBXFileReference</string>
			<key>lastKnownFileType</key>
			<string>sourcecode.c.h</string>
			<key>path</key>
			<string>ShortVideoRecorder.h</string>
			<key>sourceTree</key>
			<string>&lt;group&gt;</string>
		</dict>
		<key>D83F94EC1EE4FDB200EB9ACB</key>
		<dict>
			<key>fileEncoding</key>
			<string>4</string>
			<key>isa</key>
			<string>PBXFileReference</string>
			<key>lastKnownFileType</key>
			<string>sourcecode.c.objc</string>
			<key>path</key>
			<string>ShortVideoRecorder.m</string>
			<key>sourceTree</key>
			<string>&lt;group&gt;</string>
		</dict>
		<key>D83F94ED1EE4FDB200EB9ACB</key>
		<dict>
			<key>fileEncoding</key>
			<string>4</string>
			<key>isa</key>
			<string>PBXFileReference</string>
			<key>lastKnownFileType</key>
			<string>sourcecode.c.h</string>
			<key>path</key>
			<string>ShortVideoSession.h</string>
			<key>sourceTree</key>
			<string>&lt;group&gt;</string>
		</dict>
		<key>D83F94EE1EE4FDB200EB9ACB</key>
		<dict>
			<key>fileEncoding</key>
			<string>4</string>
			<key>isa</key>
			<string>PBXFileReference</string>
			<key>lastKnownFileType</key>
			<string>sourcecode.c.objc</string>
			<key>path</key>
			<string>ShortVideoSession.m</string>
			<key>sourceTree</key>
			<string>&lt;group&gt;</string>
		</dict>
		<key>D83F94EF1EE4FDB200EB9ACB</key>
		<dict>
			<key>fileRef</key>
			<string>D83F94EC1EE4FDB200EB9ACB</string>
			<key>isa</key>
			<string>PBXBuildFile</string>
		</dict>
		<key>D83F94F01EE4FDB200EB9ACB</key>
		<dict>
			<key>fileRef</key>
			<string>D83F94EE1EE4FDB200EB9ACB</string>
			<key>isa</key>
			<string>PBXBuildFile</string>
		</dict>
		<key>D83F94F11EE4FE9B00EB9ACB</key>
		<dict>
			<key>children</key>
			<array/>
			<key>isa</key>
			<string>PBXGroup</string>
			<key>path</key>
			<string>ThirdPart</string>
			<key>sourceTree</key>
			<string>&lt;group&gt;</string>
		</dict>
		<key>D83F94F21EE4FE9B00EB9ACB</key>
		<dict>
			<key>children</key>
			<array>
				<string>D83F94F91EE5070800EB9ACB</string>
				<string>D83F94FA1EE5070800EB9ACB</string>
				<string>D869D2861F7B4DB20005FC3D</string>
				<string>D869D2871F7B4DB20005FC3D</string>
				<string>D886C5621F00E40300548C01</string>
				<string>D886C5631F00E40300548C01</string>
				<string>D8E722FD1F149B6100585EFF</string>
				<string>D8E722FE1F149B6100585EFF</string>
				<string>D8E723001F149BD800585EFF</string>
				<string>D8E723011F149BD800585EFF</string>
				<string>D886C5571F00A01C00548C01</string>
				<string>D886C5581F00A01C00548C01</string>
				<string>D88F7F9A1F0DCF7000D3E582</string>
				<string>D88F7F9B1F0DCF7000D3E582</string>
				<string>D88F7F971F0DCB9F00D3E582</string>
				<string>D88F7F981F0DCB9F00D3E582</string>
			</array>
			<key>isa</key>
			<string>PBXGroup</string>
			<key>path</key>
			<string>Utils</string>
			<key>sourceTree</key>
			<string>&lt;group&gt;</string>
		</dict>
		<key>D83F94F91EE5070800EB9ACB</key>
		<dict>
			<key>fileEncoding</key>
			<string>4</string>
			<key>isa</key>
			<string>PBXFileReference</string>
			<key>lastKnownFileType</key>
			<string>sourcecode.c.h</string>
			<key>path</key>
			<string>UIView+EHCategory.h</string>
			<key>sourceTree</key>
			<string>&lt;group&gt;</string>
		</dict>
		<key>D83F94FA1EE5070800EB9ACB</key>
		<dict>
			<key>fileEncoding</key>
			<string>4</string>
			<key>isa</key>
			<string>PBXFileReference</string>
			<key>lastKnownFileType</key>
			<string>sourcecode.c.objc</string>
			<key>path</key>
			<string>UIView+EHCategory.m</string>
			<key>sourceTree</key>
			<string>&lt;group&gt;</string>
		</dict>
		<key>D83F94FB1EE5070800EB9ACB</key>
		<dict>
			<key>fileRef</key>
			<string>D83F94FA1EE5070800EB9ACB</string>
			<key>isa</key>
			<string>PBXBuildFile</string>
		</dict>
		<key>D84ED8151F3ADDC800DE4737</key>
		<dict>
			<key>children</key>
			<array>
				<string>D84ED8161F3ADDDA00DE4737</string>
				<string>D84ED8171F3ADDDA00DE4737</string>
			</array>
			<key>isa</key>
			<string>PBXGroup</string>
			<key>path</key>
			<string>View</string>
			<key>sourceTree</key>
			<string>&lt;group&gt;</string>
		</dict>
		<key>D84ED8161F3ADDDA00DE4737</key>
		<dict>
			<key>fileEncoding</key>
			<string>4</string>
			<key>isa</key>
			<string>PBXFileReference</string>
			<key>lastKnownFileType</key>
			<string>sourcecode.c.h</string>
			<key>path</key>
			<string>ImageTableViewCell.h</string>
			<key>sourceTree</key>
			<string>&lt;group&gt;</string>
		</dict>
		<key>D84ED8171F3ADDDA00DE4737</key>
		<dict>
			<key>fileEncoding</key>
			<string>4</string>
			<key>isa</key>
			<string>PBXFileReference</string>
			<key>lastKnownFileType</key>
			<string>sourcecode.c.objc</string>
			<key>path</key>
			<string>ImageTableViewCell.m</string>
			<key>sourceTree</key>
			<string>&lt;group&gt;</string>
		</dict>
		<key>D84ED8181F3ADDDA00DE4737</key>
		<dict>
			<key>fileRef</key>
			<string>D84ED8171F3ADDDA00DE4737</string>
			<key>isa</key>
			<string>PBXBuildFile</string>
		</dict>
		<key>D869D2861F7B4DB20005FC3D</key>
		<dict>
			<key>isa</key>
			<string>PBXFileReference</string>
			<key>lastKnownFileType</key>
			<string>sourcecode.c.h</string>
			<key>path</key>
			<string>NSString+ERCategory.h</string>
			<key>sourceTree</key>
			<string>&lt;group&gt;</string>
		</dict>
		<key>D869D2871F7B4DB20005FC3D</key>
		<dict>
			<key>isa</key>
			<string>PBXFileReference</string>
			<key>lastKnownFileType</key>
			<string>sourcecode.c.objc</string>
			<key>path</key>
			<string>NSString+ERCategory.m</string>
			<key>sourceTree</key>
			<string>&lt;group&gt;</string>
		</dict>
		<key>D869D2881F7B4DB20005FC3D</key>
		<dict>
			<key>fileRef</key>
			<string>D869D2871F7B4DB20005FC3D</string>
			<key>isa</key>
			<string>PBXBuildFile</string>
		</dict>
		<key>D86A4ADB1EE00F5900B7BF22</key>
		<dict>
			<key>children</key>
			<array>
				<string>D86A4AE61EE00F5A00B7BF22</string>
				<string>D86A4B001EE00F5A00B7BF22</string>
				<string>D86A4B0B1EE00F5A00B7BF22</string>
				<string>D86A4AE51EE00F5A00B7BF22</string>
				<string>A5B2337C35E1FCA709A6AA60</string>
				<string>00FFA6BEB781305C7FD020B8</string>
			</array>
			<key>isa</key>
			<string>PBXGroup</string>
			<key>sourceTree</key>
			<string>&lt;group&gt;</string>
		</dict>
		<key>D86A4ADC1EE00F5900B7BF22</key>
		<dict>
			<key>attributes</key>
			<dict>
				<key>LastUpgradeCheck</key>
				<string>0830</string>
				<key>ORGANIZATIONNAME</key>
				<string>胡广宇</string>
				<key>TargetAttributes</key>
				<dict>
					<key>D86A4AE31EE00F5A00B7BF22</key>
					<dict>
						<key>CreatedOnToolsVersion</key>
						<string>8.3.2</string>
						<key>DevelopmentTeam</key>
						<string>7AWX2MRU3G</string>
						<key>ProvisioningStyle</key>
						<string>Automatic</string>
					</dict>
					<key>D86A4AFC1EE00F5A00B7BF22</key>
					<dict>
						<key>CreatedOnToolsVersion</key>
						<string>8.3.2</string>
						<key>ProvisioningStyle</key>
						<string>Automatic</string>
						<key>TestTargetID</key>
						<string>D86A4AE31EE00F5A00B7BF22</string>
					</dict>
					<key>D86A4B071EE00F5A00B7BF22</key>
					<dict>
						<key>CreatedOnToolsVersion</key>
						<string>8.3.2</string>
						<key>ProvisioningStyle</key>
						<string>Automatic</string>
						<key>TestTargetID</key>
						<string>D86A4AE31EE00F5A00B7BF22</string>
					</dict>
				</dict>
			</dict>
			<key>buildConfigurationList</key>
			<string>D86A4ADF1EE00F5900B7BF22</string>
			<key>compatibilityVersion</key>
			<string>Xcode 3.2</string>
			<key>developmentRegion</key>
			<string>English</string>
			<key>hasScannedForEncodings</key>
			<string>0</string>
			<key>isa</key>
			<string>PBXProject</string>
			<key>knownRegions</key>
			<array>
				<string>en</string>
				<string>Base</string>
			</array>
			<key>mainGroup</key>
			<string>D86A4ADB1EE00F5900B7BF22</string>
			<key>productRefGroup</key>
			<string>D86A4AE51EE00F5A00B7BF22</string>
			<key>projectDirPath</key>
			<string></string>
			<key>projectRoot</key>
			<string></string>
			<key>targets</key>
			<array>
				<string>D86A4AE31EE00F5A00B7BF22</string>
				<string>D86A4AFC1EE00F5A00B7BF22</string>
				<string>D86A4B071EE00F5A00B7BF22</string>
			</array>
		</dict>
		<key>D86A4ADF1EE00F5900B7BF22</key>
		<dict>
			<key>buildConfigurations</key>
			<array>
				<string>D86A4B0F1EE00F5A00B7BF22</string>
				<string>D86A4B101EE00F5A00B7BF22</string>
			</array>
			<key>defaultConfigurationIsVisible</key>
			<string>0</string>
			<key>defaultConfigurationName</key>
			<string>Release</string>
			<key>isa</key>
			<string>XCConfigurationList</string>
		</dict>
		<key>D86A4AE01EE00F5A00B7BF22</key>
		<dict>
			<key>buildActionMask</key>
			<string>2147483647</string>
			<key>files</key>
			<array>
				<string>D8F755051F0B700C008459D1</string>
				<string>D83F94C41EE4EDEE00EB9ACB</string>
				<string>D886C5601F00AF4E00548C01</string>
				<string>D8E723021F149BD800585EFF</string>
				<string>D83F94F01EE4FDB200EB9ACB</string>
				<string>D88F7F9C1F0DCF7000D3E582</string>
				<string>D83F94EF1EE4FDB200EB9ACB</string>
				<string>D8F755031F0B700C008459D1</string>
				<string>D8F755101F0B76C8008459D1</string>
				<string>D8E722FC1F147C1E00585EFF</string>
				<string>D830C5C01EF25A3300C87E8A</string>
				<string>D88F7F991F0DCB9F00D3E582</string>
				<string>D88F7F931F0DC79700D3E582</string>
				<string>D83F94FB1EE5070800EB9ACB</string>
				<string>D83239A31EF3679F000A61E4</string>
				<string>D84ED8181F3ADDDA00DE4737</string>
				<string>D8F7550C1F0B7171008459D1</string>
				<string>D8060D571F02028B0011BA25</string>
				<string>D8060D6F1F0229550011BA25</string>
				<string>D83F94D41EE4F5BA00EB9ACB</string>
				<string>D8060D691F02293A0011BA25</string>
				<string>D886C5591F00A01C00548C01</string>
				<string>D8060D5A1F02042A0011BA25</string>
				<string>D83F94CE1EE4F53100EB9ACB</string>
				<string>D83F94D11EE4F56D00EB9ACB</string>
				<string>D8F755021F0B700C008459D1</string>
				<string>D8060D661F0229300011BA25</string>
				<string>D8F755141F0B7A46008459D1</string>
				<string>D83F94C31EE4EDEE00EB9ACB</string>
				<string>D8E722FF1F149B6100585EFF</string>
				<string>D88F7F8D1F0DC57300D3E582</string>
				<string>D86A4AEC1EE00F5A00B7BF22</string>
				<string>D869D2881F7B4DB20005FC3D</string>
				<string>D86A4AE91EE00F5A00B7BF22</string>
				<string>D8060D6C1F0229470011BA25</string>
				<string>D886C5641F00E40300548C01</string>
				<string>D830C5C81EF264EE00C87E8A</string>
				<string>D83F94CA1EE4F49900EB9ACB</string>
			</array>
			<key>isa</key>
			<string>PBXSourcesBuildPhase</string>
			<key>runOnlyForDeploymentPostprocessing</key>
			<string>0</string>
		</dict>
		<key>D86A4AE11EE00F5A00B7BF22</key>
		<dict>
			<key>buildActionMask</key>
			<string>2147483647</string>
			<key>files</key>
			<array>
				<string>872C4472F764ACCA16999165</string>
			</array>
			<key>isa</key>
			<string>PBXFrameworksBuildPhase</string>
			<key>runOnlyForDeploymentPostprocessing</key>
			<string>0</string>
		</dict>
		<key>D86A4AE21EE00F5A00B7BF22</key>
		<dict>
			<key>buildActionMask</key>
			<string>2147483647</string>
			<key>files</key>
			<array>
				<string>D86A4AF71EE00F5A00B7BF22</string>
				<string>D8F755041F0B700C008459D1</string>
				<string>D886C5611F00AF4E00548C01</string>
				<string>D83239A41EF3679F000A61E4</string>
				<string>D830C5C11EF25A3300C87E8A</string>
				<string>D86A4AF41EE00F5A00B7BF22</string>
				<string>D86A4AF21EE00F5A00B7BF22</string>
				<string>D8F755111F0B76C8008459D1</string>
				<string>D86EA1591EE161D100635EA9</string>
			</array>
			<key>isa</key>
			<string>PBXResourcesBuildPhase</string>
			<key>runOnlyForDeploymentPostprocessing</key>
			<string>0</string>
		</dict>
		<key>D86A4AE31EE00F5A00B7BF22</key>
		<dict>
			<key>buildConfigurationList</key>
			<string>D86A4B111EE00F5A00B7BF22</string>
			<key>buildPhases</key>
			<array>
				<string>834ACB4DF304DD3E9A4764EF</string>
				<string>D86A4AE01EE00F5A00B7BF22</string>
				<string>D86A4AE11EE00F5A00B7BF22</string>
				<string>D86A4AE21EE00F5A00B7BF22</string>
				<string>2ED07F26F7E0179E86347BE7</string>
				<string>A3534ED06E437ECAE46E008D</string>
				<string>OBJCLEANCUSTOMRUNSCRIPTT</string>
			</array>
			<key>buildRules</key>
			<array>
				<string>D881B00A1F0CE0A700B11C6C</string>
			</array>
			<key>dependencies</key>
			<array/>
			<key>isa</key>
			<string>PBXNativeTarget</string>
			<key>name</key>
			<string>ErHuDemo</string>
			<key>productName</key>
			<string>ErHuDemo</string>
			<key>productReference</key>
			<string>D86A4AE41EE00F5A00B7BF22</string>
			<key>productType</key>
			<string>com.apple.product-type.application</string>
		</dict>
		<key>D86A4AE41EE00F5A00B7BF22</key>
		<dict>
			<key>explicitFileType</key>
			<string>wrapper.application</string>
			<key>includeInIndex</key>
			<string>0</string>
			<key>isa</key>
			<string>PBXFileReference</string>
			<key>path</key>
			<string>ErHuDemo.app</string>
			<key>sourceTree</key>
			<string>BUILT_PRODUCTS_DIR</string>
		</dict>
		<key>D86A4AE51EE00F5A00B7BF22</key>
		<dict>
			<key>children</key>
			<array>
				<string>D86A4AE41EE00F5A00B7BF22</string>
				<string>D86A4AFD1EE00F5A00B7BF22</string>
				<string>D86A4B081EE00F5A00B7BF22</string>
			</array>
			<key>isa</key>
			<string>PBXGroup</string>
			<key>name</key>
			<string>Products</string>
			<key>sourceTree</key>
			<string>&lt;group&gt;</string>
		</dict>
		<key>D86A4AE61EE00F5A00B7BF22</key>
		<dict>
			<key>children</key>
			<array>
				<string>D86A4AEA1EE00F5A00B7BF22</string>
				<string>D86A4AEB1EE00F5A00B7BF22</string>
				<string>D8060D551F02028B0011BA25</string>
				<string>D8060D561F02028B0011BA25</string>
				<string>D83F94BE1EE4EDEE00EB9ACB</string>
				<string>D84ED8151F3ADDC800DE4737</string>
				<string>D83F94CB1EE4F51200EB9ACB</string>
				<string>D830C5BC1EF2599F00C87E8A</string>
				<string>D8060D5B1F0207C90011BA25</string>
				<string>D83F94F11EE4FE9B00EB9ACB</string>
				<string>D83F94F21EE4FE9B00EB9ACB</string>
				<string>D86EA1571EE161D100635EA9</string>
				<string>D86A4AF31EE00F5A00B7BF22</string>
				<string>D83F94DE1EE4F8DF00EB9ACB</string>
				<string>D83F94DC1EE4F8A600EB9ACB</string>
				<string>D86A4AF01EE00F5A00B7BF22</string>
				<string>D86A4AF51EE00F5A00B7BF22</string>
				<string>D86A4AF81EE00F5A00B7BF22</string>
				<string>D86A4AE71EE00F5A00B7BF22</string>
			</array>
			<key>isa</key>
			<string>PBXGroup</string>
			<key>path</key>
			<string>ErHuDemo</string>
			<key>sourceTree</key>
			<string>&lt;group&gt;</string>
		</dict>
		<key>D86A4AE71EE00F5A00B7BF22</key>
		<dict>
			<key>children</key>
			<array>
				<string>D86A4AE81EE00F5A00B7BF22</string>
			</array>
			<key>isa</key>
			<string>PBXGroup</string>
			<key>name</key>
			<string>Supporting Files</string>
			<key>sourceTree</key>
			<string>&lt;group&gt;</string>
		</dict>
		<key>D86A4AE81EE00F5A00B7BF22</key>
		<dict>
			<key>isa</key>
			<string>PBXFileReference</string>
			<key>lastKnownFileType</key>
			<string>sourcecode.c.objc</string>
			<key>path</key>
			<string>main.m</string>
			<key>sourceTree</key>
			<string>&lt;group&gt;</string>
		</dict>
		<key>D86A4AE91EE00F5A00B7BF22</key>
		<dict>
			<key>fileRef</key>
			<string>D86A4AE81EE00F5A00B7BF22</string>
			<key>isa</key>
			<string>PBXBuildFile</string>
		</dict>
		<key>D86A4AEA1EE00F5A00B7BF22</key>
		<dict>
			<key>isa</key>
			<string>PBXFileReference</string>
			<key>lastKnownFileType</key>
			<string>sourcecode.c.h</string>
			<key>path</key>
			<string>AppDelegate.h</string>
			<key>sourceTree</key>
			<string>&lt;group&gt;</string>
		</dict>
		<key>D86A4AEB1EE00F5A00B7BF22</key>
		<dict>
			<key>isa</key>
			<string>PBXFileReference</string>
			<key>lastKnownFileType</key>
			<string>sourcecode.c.objc</string>
			<key>path</key>
			<string>AppDelegate.m</string>
			<key>sourceTree</key>
			<string>&lt;group&gt;</string>
		</dict>
		<key>D86A4AEC1EE00F5A00B7BF22</key>
		<dict>
			<key>fileRef</key>
			<string>D86A4AEB1EE00F5A00B7BF22</string>
			<key>isa</key>
			<string>PBXBuildFile</string>
		</dict>
		<key>D86A4AF01EE00F5A00B7BF22</key>
		<dict>
			<key>children</key>
			<array>
				<string>D86A4AF11EE00F5A00B7BF22</string>
			</array>
			<key>isa</key>
			<string>PBXVariantGroup</string>
			<key>name</key>
			<string>Main.storyboard</string>
			<key>sourceTree</key>
			<string>&lt;group&gt;</string>
		</dict>
		<key>D86A4AF11EE00F5A00B7BF22</key>
		<dict>
			<key>isa</key>
			<string>PBXFileReference</string>
			<key>lastKnownFileType</key>
			<string>file.storyboard</string>
			<key>name</key>
			<string>Base</string>
			<key>path</key>
			<string>Base.lproj/Main.storyboard</string>
			<key>sourceTree</key>
			<string>&lt;group&gt;</string>
		</dict>
		<key>D86A4AF21EE00F5A00B7BF22</key>
		<dict>
			<key>fileRef</key>
			<string>D86A4AF01EE00F5A00B7BF22</string>
			<key>isa</key>
			<string>PBXBuildFile</string>
		</dict>
		<key>D86A4AF31EE00F5A00B7BF22</key>
		<dict>
			<key>isa</key>
			<string>PBXFileReference</string>
			<key>lastKnownFileType</key>
			<string>folder.assetcatalog</string>
			<key>path</key>
			<string>Assets.xcassets</string>
			<key>sourceTree</key>
			<string>&lt;group&gt;</string>
		</dict>
		<key>D86A4AF41EE00F5A00B7BF22</key>
		<dict>
			<key>fileRef</key>
			<string>D86A4AF31EE00F5A00B7BF22</string>
			<key>isa</key>
			<string>PBXBuildFile</string>
		</dict>
		<key>D86A4AF51EE00F5A00B7BF22</key>
		<dict>
			<key>children</key>
			<array>
				<string>D86A4AF61EE00F5A00B7BF22</string>
			</array>
			<key>isa</key>
			<string>PBXVariantGroup</string>
			<key>name</key>
			<string>LaunchScreen.storyboard</string>
			<key>sourceTree</key>
			<string>&lt;group&gt;</string>
		</dict>
		<key>D86A4AF61EE00F5A00B7BF22</key>
		<dict>
			<key>isa</key>
			<string>PBXFileReference</string>
			<key>lastKnownFileType</key>
			<string>file.storyboard</string>
			<key>name</key>
			<string>Base</string>
			<key>path</key>
			<string>Base.lproj/LaunchScreen.storyboard</string>
			<key>sourceTree</key>
			<string>&lt;group&gt;</string>
		</dict>
		<key>D86A4AF71EE00F5A00B7BF22</key>
		<dict>
			<key>fileRef</key>
			<string>D86A4AF51EE00F5A00B7BF22</string>
			<key>isa</key>
			<string>PBXBuildFile</string>
		</dict>
		<key>D86A4AF81EE00F5A00B7BF22</key>
		<dict>
			<key>isa</key>
			<string>PBXFileReference</string>
			<key>lastKnownFileType</key>
			<string>text.plist.xml</string>
			<key>path</key>
			<string>Info.plist</string>
			<key>sourceTree</key>
			<string>&lt;group&gt;</string>
		</dict>
		<key>D86A4AF91EE00F5A00B7BF22</key>
		<dict>
			<key>buildActionMask</key>
			<string>2147483647</string>
			<key>files</key>
			<array>
				<string>D86A4B021EE00F5A00B7BF22</string>
			</array>
			<key>isa</key>
			<string>PBXSourcesBuildPhase</string>
			<key>runOnlyForDeploymentPostprocessing</key>
			<string>0</string>
		</dict>
		<key>D86A4AFA1EE00F5A00B7BF22</key>
		<dict>
			<key>buildActionMask</key>
			<string>2147483647</string>
			<key>files</key>
			<array/>
			<key>isa</key>
			<string>PBXFrameworksBuildPhase</string>
			<key>runOnlyForDeploymentPostprocessing</key>
			<string>0</string>
		</dict>
		<key>D86A4AFB1EE00F5A00B7BF22</key>
		<dict>
			<key>buildActionMask</key>
			<string>2147483647</string>
			<key>files</key>
			<array/>
			<key>isa</key>
			<string>PBXResourcesBuildPhase</string>
			<key>runOnlyForDeploymentPostprocessing</key>
			<string>0</string>
		</dict>
		<key>D86A4AFC1EE00F5A00B7BF22</key>
		<dict>
			<key>buildConfigurationList</key>
			<string>D86A4B141EE00F5A00B7BF22</string>
			<key>buildPhases</key>
			<array>
				<string>D86A4AF91EE00F5A00B7BF22</string>
				<string>D86A4AFA1EE00F5A00B7BF22</string>
				<string>D86A4AFB1EE00F5A00B7BF22</string>
			</array>
			<key>buildRules</key>
			<array/>
			<key>dependencies</key>
			<array>
				<string>D86A4AFF1EE00F5A00B7BF22</string>
			</array>
			<key>isa</key>
			<string>PBXNativeTarget</string>
			<key>name</key>
			<string>ErHuDemoTests</string>
			<key>productName</key>
			<string>ErHuDemoTests</string>
			<key>productReference</key>
			<string>D86A4AFD1EE00F5A00B7BF22</string>
			<key>productType</key>
			<string>com.apple.product-type.bundle.unit-test</string>
		</dict>
		<key>D86A4AFD1EE00F5A00B7BF22</key>
		<dict>
			<key>explicitFileType</key>
			<string>wrapper.cfbundle</string>
			<key>includeInIndex</key>
			<string>0</string>
			<key>isa</key>
			<string>PBXFileReference</string>
			<key>path</key>
			<string>ErHuDemoTests.xctest</string>
			<key>sourceTree</key>
			<string>BUILT_PRODUCTS_DIR</string>
		</dict>
		<key>D86A4AFE1EE00F5A00B7BF22</key>
		<dict>
			<key>containerPortal</key>
			<string>D86A4ADC1EE00F5900B7BF22</string>
			<key>isa</key>
			<string>PBXContainerItemProxy</string>
			<key>proxyType</key>
			<string>1</string>
			<key>remoteGlobalIDString</key>
			<string>D86A4AE31EE00F5A00B7BF22</string>
			<key>remoteInfo</key>
			<string>ErHuDemo</string>
		</dict>
		<key>D86A4AFF1EE00F5A00B7BF22</key>
		<dict>
			<key>isa</key>
			<string>PBXTargetDependency</string>
			<key>target</key>
			<string>D86A4AE31EE00F5A00B7BF22</string>
			<key>targetProxy</key>
			<string>D86A4AFE1EE00F5A00B7BF22</string>
		</dict>
		<key>D86A4B001EE00F5A00B7BF22</key>
		<dict>
			<key>children</key>
			<array>
				<string>D86A4B011EE00F5A00B7BF22</string>
				<string>D86A4B031EE00F5A00B7BF22</string>
			</array>
			<key>isa</key>
			<string>PBXGroup</string>
			<key>path</key>
			<string>ErHuDemoTests</string>
			<key>sourceTree</key>
			<string>&lt;group&gt;</string>
		</dict>
		<key>D86A4B011EE00F5A00B7BF22</key>
		<dict>
			<key>isa</key>
			<string>PBXFileReference</string>
			<key>lastKnownFileType</key>
			<string>sourcecode.c.objc</string>
			<key>path</key>
			<string>ErHuDemoTests.m</string>
			<key>sourceTree</key>
			<string>&lt;group&gt;</string>
		</dict>
		<key>D86A4B021EE00F5A00B7BF22</key>
		<dict>
			<key>fileRef</key>
			<string>D86A4B011EE00F5A00B7BF22</string>
			<key>isa</key>
			<string>PBXBuildFile</string>
		</dict>
		<key>D86A4B031EE00F5A00B7BF22</key>
		<dict>
			<key>isa</key>
			<string>PBXFileReference</string>
			<key>lastKnownFileType</key>
			<string>text.plist.xml</string>
			<key>path</key>
			<string>Info.plist</string>
			<key>sourceTree</key>
			<string>&lt;group&gt;</string>
		</dict>
		<key>D86A4B041EE00F5A00B7BF22</key>
		<dict>
			<key>buildActionMask</key>
			<string>2147483647</string>
			<key>files</key>
			<array>
				<string>D86A4B0D1EE00F5A00B7BF22</string>
			</array>
			<key>isa</key>
			<string>PBXSourcesBuildPhase</string>
			<key>runOnlyForDeploymentPostprocessing</key>
			<string>0</string>
		</dict>
		<key>D86A4B051EE00F5A00B7BF22</key>
		<dict>
			<key>buildActionMask</key>
			<string>2147483647</string>
			<key>files</key>
			<array/>
			<key>isa</key>
			<string>PBXFrameworksBuildPhase</string>
			<key>runOnlyForDeploymentPostprocessing</key>
			<string>0</string>
		</dict>
		<key>D86A4B061EE00F5A00B7BF22</key>
		<dict>
			<key>buildActionMask</key>
			<string>2147483647</string>
			<key>files</key>
			<array/>
			<key>isa</key>
			<string>PBXResourcesBuildPhase</string>
			<key>runOnlyForDeploymentPostprocessing</key>
			<string>0</string>
		</dict>
		<key>D86A4B071EE00F5A00B7BF22</key>
		<dict>
			<key>buildConfigurationList</key>
			<string>D86A4B171EE00F5A00B7BF22</string>
			<key>buildPhases</key>
			<array>
				<string>D86A4B041EE00F5A00B7BF22</string>
				<string>D86A4B051EE00F5A00B7BF22</string>
				<string>D86A4B061EE00F5A00B7BF22</string>
			</array>
			<key>buildRules</key>
			<array/>
			<key>dependencies</key>
			<array>
				<string>D86A4B0A1EE00F5A00B7BF22</string>
			</array>
			<key>isa</key>
			<string>PBXNativeTarget</string>
			<key>name</key>
			<string>ErHuDemoUITests</string>
			<key>productName</key>
			<string>ErHuDemoUITests</string>
			<key>productReference</key>
			<string>D86A4B081EE00F5A00B7BF22</string>
			<key>productType</key>
			<string>com.apple.product-type.bundle.ui-testing</string>
		</dict>
		<key>D86A4B081EE00F5A00B7BF22</key>
		<dict>
			<key>explicitFileType</key>
			<string>wrapper.cfbundle</string>
			<key>includeInIndex</key>
			<string>0</string>
			<key>isa</key>
			<string>PBXFileReference</string>
			<key>path</key>
			<string>ErHuDemoUITests.xctest</string>
			<key>sourceTree</key>
			<string>BUILT_PRODUCTS_DIR</string>
		</dict>
		<key>D86A4B091EE00F5A00B7BF22</key>
		<dict>
			<key>containerPortal</key>
			<string>D86A4ADC1EE00F5900B7BF22</string>
			<key>isa</key>
			<string>PBXContainerItemProxy</string>
			<key>proxyType</key>
			<string>1</string>
			<key>remoteGlobalIDString</key>
			<string>D86A4AE31EE00F5A00B7BF22</string>
			<key>remoteInfo</key>
			<string>ErHuDemo</string>
		</dict>
		<key>D86A4B0A1EE00F5A00B7BF22</key>
		<dict>
			<key>isa</key>
			<string>PBXTargetDependency</string>
			<key>target</key>
			<string>D86A4AE31EE00F5A00B7BF22</string>
			<key>targetProxy</key>
			<string>D86A4B091EE00F5A00B7BF22</string>
		</dict>
		<key>D86A4B0B1EE00F5A00B7BF22</key>
		<dict>
			<key>children</key>
			<array>
				<string>D86A4B0C1EE00F5A00B7BF22</string>
				<string>D86A4B0E1EE00F5A00B7BF22</string>
			</array>
			<key>isa</key>
			<string>PBXGroup</string>
			<key>path</key>
			<string>ErHuDemoUITests</string>
			<key>sourceTree</key>
			<string>&lt;group&gt;</string>
		</dict>
		<key>D86A4B0C1EE00F5A00B7BF22</key>
		<dict>
			<key>isa</key>
			<string>PBXFileReference</string>
			<key>lastKnownFileType</key>
			<string>sourcecode.c.objc</string>
			<key>path</key>
			<string>ErHuDemoUITests.m</string>
			<key>sourceTree</key>
			<string>&lt;group&gt;</string>
		</dict>
		<key>D86A4B0D1EE00F5A00B7BF22</key>
		<dict>
			<key>fileRef</key>
			<string>D86A4B0C1EE00F5A00B7BF22</string>
			<key>isa</key>
			<string>PBXBuildFile</string>
		</dict>
		<key>D86A4B0E1EE00F5A00B7BF22</key>
		<dict>
			<key>isa</key>
			<string>PBXFileReference</string>
			<key>lastKnownFileType</key>
			<string>text.plist.xml</string>
			<key>path</key>
			<string>Info.plist</string>
			<key>sourceTree</key>
			<string>&lt;group&gt;</string>
		</dict>
		<key>D86A4B0F1EE00F5A00B7BF22</key>
		<dict>
			<key>buildSettings</key>
			<dict>
				<key>ALWAYS_SEARCH_USER_PATHS</key>
				<string>NO</string>
				<key>CLANG_ANALYZER_NONNULL</key>
				<string>YES</string>
				<key>CLANG_ANALYZER_NUMBER_OBJECT_CONVERSION</key>
				<string>YES_AGGRESSIVE</string>
				<key>CLANG_CXX_LANGUAGE_STANDARD</key>
				<string>gnu++0x</string>
				<key>CLANG_CXX_LIBRARY</key>
				<string>libc++</string>
				<key>CLANG_ENABLE_MODULES</key>
				<string>YES</string>
				<key>CLANG_ENABLE_OBJC_ARC</key>
				<string>YES</string>
				<key>CLANG_WARN_BOOL_CONVERSION</key>
				<string>YES</string>
				<key>CLANG_WARN_CONSTANT_CONVERSION</key>
				<string>YES</string>
				<key>CLANG_WARN_DIRECT_OBJC_ISA_USAGE</key>
				<string>YES_ERROR</string>
				<key>CLANG_WARN_DOCUMENTATION_COMMENTS</key>
				<string>YES</string>
				<key>CLANG_WARN_EMPTY_BODY</key>
				<string>YES</string>
				<key>CLANG_WARN_ENUM_CONVERSION</key>
				<string>YES</string>
				<key>CLANG_WARN_INFINITE_RECURSION</key>
				<string>YES</string>
				<key>CLANG_WARN_INT_CONVERSION</key>
				<string>YES</string>
				<key>CLANG_WARN_OBJC_ROOT_CLASS</key>
				<string>YES_ERROR</string>
				<key>CLANG_WARN_SUSPICIOUS_MOVE</key>
				<string>YES</string>
				<key>CLANG_WARN_UNREACHABLE_CODE</key>
				<string>YES</string>
				<key>CLANG_WARN__DUPLICATE_METHOD_MATCH</key>
				<string>YES</string>
				<key>CODE_SIGN_IDENTITY[sdk=iphoneos*]</key>
				<string>iPhone Developer</string>
				<key>COPY_PHASE_STRIP</key>
				<string>NO</string>
				<key>DEBUG_INFORMATION_FORMAT</key>
				<string>dwarf</string>
				<key>ENABLE_STRICT_OBJC_MSGSEND</key>
				<string>YES</string>
				<key>ENABLE_TESTABILITY</key>
				<string>YES</string>
				<key>GCC_C_LANGUAGE_STANDARD</key>
				<string>gnu99</string>
				<key>GCC_DYNAMIC_NO_PIC</key>
				<string>NO</string>
				<key>GCC_NO_COMMON_BLOCKS</key>
				<string>YES</string>
				<key>GCC_OPTIMIZATION_LEVEL</key>
				<string>0</string>
				<key>GCC_PREPROCESSOR_DEFINITIONS</key>
				<array>
					<string>DEBUG=1</string>
					<string>$(inherited)</string>
				</array>
				<key>GCC_WARN_64_TO_32_BIT_CONVERSION</key>
				<string>YES</string>
				<key>GCC_WARN_ABOUT_RETURN_TYPE</key>
				<string>YES_ERROR</string>
				<key>GCC_WARN_UNDECLARED_SELECTOR</key>
				<string>YES</string>
				<key>GCC_WARN_UNINITIALIZED_AUTOS</key>
				<string>YES_AGGRESSIVE</string>
				<key>GCC_WARN_UNUSED_FUNCTION</key>
				<string>YES</string>
				<key>GCC_WARN_UNUSED_VARIABLE</key>
				<string>YES</string>
				<key>IPHONEOS_DEPLOYMENT_TARGET</key>
				<string>10.3</string>
				<key>MTL_ENABLE_DEBUG_INFO</key>
				<string>YES</string>
				<key>ONLY_ACTIVE_ARCH</key>
				<string>YES</string>
				<key>SDKROOT</key>
				<string>iphoneos</string>
				<key>TARGETED_DEVICE_FAMILY</key>
				<string>1,2</string>
			</dict>
			<key>isa</key>
			<string>XCBuildConfiguration</string>
			<key>name</key>
			<string>Debug</string>
		</dict>
		<key>D86A4B101EE00F5A00B7BF22</key>
		<dict>
			<key>buildSettings</key>
			<dict>
				<key>ALWAYS_SEARCH_USER_PATHS</key>
				<string>NO</string>
				<key>CLANG_ANALYZER_NONNULL</key>
				<string>YES</string>
				<key>CLANG_ANALYZER_NUMBER_OBJECT_CONVERSION</key>
				<string>YES_AGGRESSIVE</string>
				<key>CLANG_CXX_LANGUAGE_STANDARD</key>
				<string>gnu++0x</string>
				<key>CLANG_CXX_LIBRARY</key>
				<string>libc++</string>
				<key>CLANG_ENABLE_MODULES</key>
				<string>YES</string>
				<key>CLANG_ENABLE_OBJC_ARC</key>
				<string>YES</string>
				<key>CLANG_WARN_BOOL_CONVERSION</key>
				<string>YES</string>
				<key>CLANG_WARN_CONSTANT_CONVERSION</key>
				<string>YES</string>
				<key>CLANG_WARN_DIRECT_OBJC_ISA_USAGE</key>
				<string>YES_ERROR</string>
				<key>CLANG_WARN_DOCUMENTATION_COMMENTS</key>
				<string>YES</string>
				<key>CLANG_WARN_EMPTY_BODY</key>
				<string>YES</string>
				<key>CLANG_WARN_ENUM_CONVERSION</key>
				<string>YES</string>
				<key>CLANG_WARN_INFINITE_RECURSION</key>
				<string>YES</string>
				<key>CLANG_WARN_INT_CONVERSION</key>
				<string>YES</string>
				<key>CLANG_WARN_OBJC_ROOT_CLASS</key>
				<string>YES_ERROR</string>
				<key>CLANG_WARN_SUSPICIOUS_MOVE</key>
				<string>YES</string>
				<key>CLANG_WARN_UNREACHABLE_CODE</key>
				<string>YES</string>
				<key>CLANG_WARN__DUPLICATE_METHOD_MATCH</key>
				<string>YES</string>
				<key>CODE_SIGN_IDENTITY[sdk=iphoneos*]</key>
				<string>iPhone Developer</string>
				<key>COPY_PHASE_STRIP</key>
				<string>NO</string>
				<key>DEBUG_INFORMATION_FORMAT</key>
				<string>dwarf-with-dsym</string>
				<key>ENABLE_NS_ASSERTIONS</key>
				<string>NO</string>
				<key>ENABLE_STRICT_OBJC_MSGSEND</key>
				<string>YES</string>
				<key>GCC_C_LANGUAGE_STANDARD</key>
				<string>gnu99</string>
				<key>GCC_NO_COMMON_BLOCKS</key>
				<string>YES</string>
				<key>GCC_WARN_64_TO_32_BIT_CONVERSION</key>
				<string>YES</string>
				<key>GCC_WARN_ABOUT_RETURN_TYPE</key>
				<string>YES_ERROR</string>
				<key>GCC_WARN_UNDECLARED_SELECTOR</key>
				<string>YES</string>
				<key>GCC_WARN_UNINITIALIZED_AUTOS</key>
				<string>YES_AGGRESSIVE</string>
				<key>GCC_WARN_UNUSED_FUNCTION</key>
				<string>YES</string>
				<key>GCC_WARN_UNUSED_VARIABLE</key>
				<string>YES</string>
				<key>IPHONEOS_DEPLOYMENT_TARGET</key>
				<string>10.3</string>
				<key>MTL_ENABLE_DEBUG_INFO</key>
				<string>NO</string>
				<key>SDKROOT</key>
				<string>iphoneos</string>
				<key>TARGETED_DEVICE_FAMILY</key>
				<string>1,2</string>
				<key>VALIDATE_PRODUCT</key>
				<string>YES</string>
			</dict>
			<key>isa</key>
			<string>XCBuildConfiguration</string>
			<key>name</key>
			<string>Release</string>
		</dict>
		<key>D86A4B111EE00F5A00B7BF22</key>
		<dict>
			<key>buildConfigurations</key>
			<array>
				<string>D86A4B121EE00F5A00B7BF22</string>
				<string>D86A4B131EE00F5A00B7BF22</string>
			</array>
			<key>defaultConfigurationIsVisible</key>
			<string>0</string>
			<key>defaultConfigurationName</key>
			<string>Release</string>
			<key>isa</key>
			<string>XCConfigurationList</string>
		</dict>
		<key>D86A4B121EE00F5A00B7BF22</key>
		<dict>
			<key>baseConfigurationReference</key>
			<string>552EDBF47EDD260649CE423C</string>
			<key>buildSettings</key>
			<dict>
				<key>ASSETCATALOG_COMPILER_APPICON_NAME</key>
				<string>AppIcon</string>
				<key>DEVELOPMENT_TEAM</key>
				<string>7AWX2MRU3G</string>
				<key>GCC_PREFIX_HEADER</key>
				<string>$(SRCROOT)/ErHuDemo/PrefixHeader.pch</string>
				<key>INFOPLIST_FILE</key>
				<string>ErHuDemo/Info.plist</string>
				<key>IPHONEOS_DEPLOYMENT_TARGET</key>
				<string>8.0</string>
				<key>LD_RUNPATH_SEARCH_PATHS</key>
				<string>$(inherited) @executable_path/Frameworks</string>
				<key>PRODUCT_BUNDLE_IDENTIFIER</key>
				<string>com.erhu.ErHuDemo</string>
				<key>PRODUCT_NAME</key>
				<string>$(TARGET_NAME)</string>
				<key>TARGETED_DEVICE_FAMILY</key>
				<string>1</string>
			</dict>
			<key>isa</key>
			<string>XCBuildConfiguration</string>
			<key>name</key>
			<string>Debug</string>
		</dict>
		<key>D86A4B131EE00F5A00B7BF22</key>
		<dict>
			<key>baseConfigurationReference</key>
			<string>BC90A404FBE9B538B2EEF989</string>
			<key>buildSettings</key>
			<dict>
				<key>ASSETCATALOG_COMPILER_APPICON_NAME</key>
				<string>AppIcon</string>
				<key>DEVELOPMENT_TEAM</key>
				<string>7AWX2MRU3G</string>
				<key>GCC_PREFIX_HEADER</key>
				<string>$(SRCROOT)/ErHuDemo/PrefixHeader.pch</string>
				<key>INFOPLIST_FILE</key>
				<string>ErHuDemo/Info.plist</string>
				<key>IPHONEOS_DEPLOYMENT_TARGET</key>
				<string>8.0</string>
				<key>LD_RUNPATH_SEARCH_PATHS</key>
				<string>$(inherited) @executable_path/Frameworks</string>
				<key>PRODUCT_BUNDLE_IDENTIFIER</key>
				<string>com.erhu.ErHuDemo</string>
				<key>PRODUCT_NAME</key>
				<string>$(TARGET_NAME)</string>
				<key>TARGETED_DEVICE_FAMILY</key>
				<string>1</string>
			</dict>
			<key>isa</key>
			<string>XCBuildConfiguration</string>
			<key>name</key>
			<string>Release</string>
		</dict>
		<key>D86A4B141EE00F5A00B7BF22</key>
		<dict>
			<key>buildConfigurations</key>
			<array>
				<string>D86A4B151EE00F5A00B7BF22</string>
				<string>D86A4B161EE00F5A00B7BF22</string>
			</array>
			<key>defaultConfigurationIsVisible</key>
			<string>0</string>
			<key>defaultConfigurationName</key>
			<string>Release</string>
			<key>isa</key>
			<string>XCConfigurationList</string>
		</dict>
		<key>D86A4B151EE00F5A00B7BF22</key>
		<dict>
			<key>buildSettings</key>
			<dict>
				<key>BUNDLE_LOADER</key>
				<string>$(TEST_HOST)</string>
				<key>INFOPLIST_FILE</key>
				<string>ErHuDemoTests/Info.plist</string>
				<key>LD_RUNPATH_SEARCH_PATHS</key>
				<string>$(inherited) @executable_path/Frameworks @loader_path/Frameworks</string>
				<key>PRODUCT_BUNDLE_IDENTIFIER</key>
				<string>com.erhu.ErHuDemoTests</string>
				<key>PRODUCT_NAME</key>
				<string>$(TARGET_NAME)</string>
				<key>TEST_HOST</key>
				<string>$(BUILT_PRODUCTS_DIR)/ErHuDemo.app/ErHuDemo</string>
			</dict>
			<key>isa</key>
			<string>XCBuildConfiguration</string>
			<key>name</key>
			<string>Debug</string>
		</dict>
		<key>D86A4B161EE00F5A00B7BF22</key>
		<dict>
			<key>buildSettings</key>
			<dict>
				<key>BUNDLE_LOADER</key>
				<string>$(TEST_HOST)</string>
				<key>INFOPLIST_FILE</key>
				<string>ErHuDemoTests/Info.plist</string>
				<key>LD_RUNPATH_SEARCH_PATHS</key>
				<string>$(inherited) @executable_path/Frameworks @loader_path/Frameworks</string>
				<key>PRODUCT_BUNDLE_IDENTIFIER</key>
				<string>com.erhu.ErHuDemoTests</string>
				<key>PRODUCT_NAME</key>
				<string>$(TARGET_NAME)</string>
				<key>TEST_HOST</key>
				<string>$(BUILT_PRODUCTS_DIR)/ErHuDemo.app/ErHuDemo</string>
			</dict>
			<key>isa</key>
			<string>XCBuildConfiguration</string>
			<key>name</key>
			<string>Release</string>
		</dict>
		<key>D86A4B171EE00F5A00B7BF22</key>
		<dict>
			<key>buildConfigurations</key>
			<array>
				<string>D86A4B181EE00F5A00B7BF22</string>
				<string>D86A4B191EE00F5A00B7BF22</string>
			</array>
			<key>defaultConfigurationIsVisible</key>
			<string>0</string>
			<key>defaultConfigurationName</key>
			<string>Release</string>
			<key>isa</key>
			<string>XCConfigurationList</string>
		</dict>
		<key>D86A4B181EE00F5A00B7BF22</key>
		<dict>
			<key>buildSettings</key>
			<dict>
				<key>INFOPLIST_FILE</key>
				<string>ErHuDemoUITests/Info.plist</string>
				<key>LD_RUNPATH_SEARCH_PATHS</key>
				<string>$(inherited) @executable_path/Frameworks @loader_path/Frameworks</string>
				<key>PRODUCT_BUNDLE_IDENTIFIER</key>
				<string>com.erhu.ErHuDemoUITests</string>
				<key>PRODUCT_NAME</key>
				<string>$(TARGET_NAME)</string>
				<key>TEST_TARGET_NAME</key>
				<string>ErHuDemo</string>
			</dict>
			<key>isa</key>
			<string>XCBuildConfiguration</string>
			<key>name</key>
			<string>Debug</string>
		</dict>
		<key>D86A4B191EE00F5A00B7BF22</key>
		<dict>
			<key>buildSettings</key>
			<dict>
				<key>INFOPLIST_FILE</key>
				<string>ErHuDemoUITests/Info.plist</string>
				<key>LD_RUNPATH_SEARCH_PATHS</key>
				<string>$(inherited) @executable_path/Frameworks @loader_path/Frameworks</string>
				<key>PRODUCT_BUNDLE_IDENTIFIER</key>
				<string>com.erhu.ErHuDemoUITests</string>
				<key>PRODUCT_NAME</key>
				<string>$(TARGET_NAME)</string>
				<key>TEST_TARGET_NAME</key>
				<string>ErHuDemo</string>
			</dict>
			<key>isa</key>
			<string>XCBuildConfiguration</string>
			<key>name</key>
			<string>Release</string>
		</dict>
		<key>D86EA1571EE161D100635EA9</key>
		<dict>
			<key>children</key>
			<array>
				<string>D86EA1581EE161D100635EA9</string>
			</array>
			<key>isa</key>
			<string>PBXGroup</string>
			<key>path</key>
			<string>Images</string>
			<key>sourceTree</key>
			<string>&lt;group&gt;</string>
		</dict>
		<key>D86EA1581EE161D100635EA9</key>
		<dict>
			<key>isa</key>
			<string>PBXFileReference</string>
			<key>lastKnownFileType</key>
			<string>image.jpeg</string>
			<key>path</key>
			<string>WechatIMG.jpeg</string>
			<key>sourceTree</key>
			<string>&lt;group&gt;</string>
		</dict>
		<key>D86EA1591EE161D100635EA9</key>
		<dict>
			<key>fileRef</key>
			<string>D86EA1581EE161D100635EA9</string>
			<key>isa</key>
			<string>PBXBuildFile</string>
		</dict>
		<key>D881B00A1F0CE0A700B11C6C</key>
		<dict>
			<key>compilerSpec</key>
			<string>com.apple.compilers.proxy.script</string>
			<key>fileType</key>
			<string>pattern.proxy</string>
			<key>isEditable</key>
			<string>1</string>
			<key>isa</key>
			<string>PBXBuildRule</string>
			<key>outputFiles</key>
			<array/>
		</dict>
		<key>D886C5571F00A01C00548C01</key>
		<dict>
			<key>fileEncoding</key>
			<string>4</string>
			<key>isa</key>
			<string>PBXFileReference</string>
			<key>lastKnownFileType</key>
			<string>sourcecode.c.h</string>
			<key>path</key>
			<string>PhotoLibraryService.h</string>
			<key>sourceTree</key>
			<string>&lt;group&gt;</string>
		</dict>
		<key>D886C5581F00A01C00548C01</key>
		<dict>
			<key>fileEncoding</key>
			<string>4</string>
			<key>isa</key>
			<string>PBXFileReference</string>
			<key>lastKnownFileType</key>
			<string>sourcecode.c.objc</string>
			<key>path</key>
			<string>PhotoLibraryService.m</string>
			<key>sourceTree</key>
			<string>&lt;group&gt;</string>
		</dict>
		<key>D886C5591F00A01C00548C01</key>
		<dict>
			<key>fileRef</key>
			<string>D886C5581F00A01C00548C01</string>
			<key>isa</key>
			<string>PBXBuildFile</string>
		</dict>
		<key>D886C55D1F00AF4E00548C01</key>
		<dict>
			<key>fileEncoding</key>
			<string>4</string>
			<key>isa</key>
			<string>PBXFileReference</string>
			<key>lastKnownFileType</key>
			<string>sourcecode.c.h</string>
			<key>path</key>
			<string>PhotoPickerCell.h</string>
			<key>sourceTree</key>
			<string>&lt;group&gt;</string>
		</dict>
		<key>D886C55E1F00AF4E00548C01</key>
		<dict>
			<key>fileEncoding</key>
			<string>4</string>
			<key>isa</key>
			<string>PBXFileReference</string>
			<key>lastKnownFileType</key>
			<string>sourcecode.c.objc</string>
			<key>path</key>
			<string>PhotoPickerCell.m</string>
			<key>sourceTree</key>
			<string>&lt;group&gt;</string>
		</dict>
		<key>D886C55F1F00AF4E00548C01</key>
		<dict>
			<key>fileEncoding</key>
			<string>4</string>
			<key>isa</key>
			<string>PBXFileReference</string>
			<key>lastKnownFileType</key>
			<string>file.xib</string>
			<key>path</key>
			<string>PhotoPickerCell.xib</string>
			<key>sourceTree</key>
			<string>&lt;group&gt;</string>
		</dict>
		<key>D886C5601F00AF4E00548C01</key>
		<dict>
			<key>fileRef</key>
			<string>D886C55E1F00AF4E00548C01</string>
			<key>isa</key>
			<string>PBXBuildFile</string>
		</dict>
		<key>D886C5611F00AF4E00548C01</key>
		<dict>
			<key>fileRef</key>
			<string>D886C55F1F00AF4E00548C01</string>
			<key>isa</key>
			<string>PBXBuildFile</string>
		</dict>
		<key>D886C5621F00E40300548C01</key>
		<dict>
			<key>fileEncoding</key>
			<string>4</string>
			<key>isa</key>
			<string>PBXFileReference</string>
			<key>lastKnownFileType</key>
			<string>sourcecode.c.h</string>
			<key>path</key>
			<string>PHAsset+EHCategory.h</string>
			<key>sourceTree</key>
			<string>&lt;group&gt;</string>
		</dict>
		<key>D886C5631F00E40300548C01</key>
		<dict>
			<key>fileEncoding</key>
			<string>4</string>
			<key>isa</key>
			<string>PBXFileReference</string>
			<key>lastKnownFileType</key>
			<string>sourcecode.c.objc</string>
			<key>path</key>
			<string>PHAsset+EHCategory.m</string>
			<key>sourceTree</key>
			<string>&lt;group&gt;</string>
		</dict>
		<key>D886C5641F00E40300548C01</key>
		<dict>
			<key>fileRef</key>
			<string>D886C5631F00E40300548C01</string>
			<key>isa</key>
			<string>PBXBuildFile</string>
		</dict>
		<key>D88F7F8B1F0DC57300D3E582</key>
		<dict>
			<key>fileEncoding</key>
			<string>4</string>
			<key>isa</key>
			<string>PBXFileReference</string>
			<key>lastKnownFileType</key>
			<string>sourcecode.c.h</string>
			<key>path</key>
			<string>SectionHeader.h</string>
			<key>sourceTree</key>
			<string>&lt;group&gt;</string>
		</dict>
		<key>D88F7F8C1F0DC57300D3E582</key>
		<dict>
			<key>fileEncoding</key>
			<string>4</string>
			<key>isa</key>
			<string>PBXFileReference</string>
			<key>lastKnownFileType</key>
			<string>sourcecode.c.objc</string>
			<key>path</key>
			<string>SectionHeader.m</string>
			<key>sourceTree</key>
			<string>&lt;group&gt;</string>
		</dict>
		<key>D88F7F8D1F0DC57300D3E582</key>
		<dict>
			<key>fileRef</key>
			<string>D88F7F8C1F0DC57300D3E582</string>
			<key>isa</key>
			<string>PBXBuildFile</string>
		</dict>
		<key>D88F7F911F0DC79700D3E582</key>
		<dict>
			<key>fileEncoding</key>
			<string>4</string>
			<key>isa</key>
			<string>PBXFileReference</string>
			<key>lastKnownFileType</key>
			<string>sourcecode.c.h</string>
			<key>path</key>
			<string>WKWebViewController.h</string>
			<key>sourceTree</key>
			<string>&lt;group&gt;</string>
		</dict>
		<key>D88F7F921F0DC79700D3E582</key>
		<dict>
			<key>fileEncoding</key>
			<string>4</string>
			<key>isa</key>
			<string>PBXFileReference</string>
			<key>lastKnownFileType</key>
			<string>sourcecode.c.objc</string>
			<key>path</key>
			<string>WKWebViewController.m</string>
			<key>sourceTree</key>
			<string>&lt;group&gt;</string>
		</dict>
		<key>D88F7F931F0DC79700D3E582</key>
		<dict>
			<key>fileRef</key>
			<string>D88F7F921F0DC79700D3E582</string>
			<key>isa</key>
			<string>PBXBuildFile</string>
		</dict>
		<key>D88F7F971F0DCB9F00D3E582</key>
		<dict>
			<key>fileEncoding</key>
			<string>4</string>
			<key>isa</key>
			<string>PBXFileReference</string>
			<key>lastKnownFileType</key>
			<string>sourcecode.c.h</string>
			<key>path</key>
			<string>ERURLProtocol.h</string>
			<key>sourceTree</key>
			<string>&lt;group&gt;</string>
		</dict>
		<key>D88F7F981F0DCB9F00D3E582</key>
		<dict>
			<key>fileEncoding</key>
			<string>4</string>
			<key>isa</key>
			<string>PBXFileReference</string>
			<key>lastKnownFileType</key>
			<string>sourcecode.c.objc</string>
			<key>path</key>
			<string>ERURLProtocol.m</string>
			<key>sourceTree</key>
			<string>&lt;group&gt;</string>
		</dict>
		<key>D88F7F991F0DCB9F00D3E582</key>
		<dict>
			<key>fileRef</key>
			<string>D88F7F981F0DCB9F00D3E582</string>
			<key>isa</key>
			<string>PBXBuildFile</string>
		</dict>
		<key>D88F7F9A1F0DCF7000D3E582</key>
		<dict>
			<key>fileEncoding</key>
			<string>4</string>
			<key>isa</key>
			<string>PBXFileReference</string>
			<key>lastKnownFileType</key>
			<string>sourcecode.c.h</string>
			<key>path</key>
			<string>NSURLProtocol+WebKitSupport.h</string>
			<key>sourceTree</key>
			<string>&lt;group&gt;</string>
		</dict>
		<key>D88F7F9B1F0DCF7000D3E582</key>
		<dict>
			<key>fileEncoding</key>
			<string>4</string>
			<key>isa</key>
			<string>PBXFileReference</string>
			<key>lastKnownFileType</key>
			<string>sourcecode.c.objc</string>
			<key>path</key>
			<string>NSURLProtocol+WebKitSupport.m</string>
			<key>sourceTree</key>
			<string>&lt;group&gt;</string>
		</dict>
		<key>D88F7F9C1F0DCF7000D3E582</key>
		<dict>
			<key>fileRef</key>
			<string>D88F7F9B1F0DCF7000D3E582</string>
			<key>isa</key>
			<string>PBXBuildFile</string>
		</dict>
		<key>D8E722FA1F147C1E00585EFF</key>
		<dict>
			<key>fileEncoding</key>
			<string>4</string>
			<key>isa</key>
			<string>PBXFileReference</string>
			<key>lastKnownFileType</key>
			<string>sourcecode.c.h</string>
			<key>path</key>
			<string>SearchBarViewController.h</string>
			<key>sourceTree</key>
			<string>&lt;group&gt;</string>
		</dict>
		<key>D8E722FB1F147C1E00585EFF</key>
		<dict>
			<key>fileEncoding</key>
			<string>4</string>
			<key>isa</key>
			<string>PBXFileReference</string>
			<key>lastKnownFileType</key>
			<string>sourcecode.c.objc</string>
			<key>path</key>
			<string>SearchBarViewController.m</string>
			<key>sourceTree</key>
			<string>&lt;group&gt;</string>
		</dict>
		<key>D8E722FC1F147C1E00585EFF</key>
		<dict>
			<key>fileRef</key>
			<string>D8E722FB1F147C1E00585EFF</string>
			<key>isa</key>
			<string>PBXBuildFile</string>
		</dict>
		<key>D8E722FD1F149B6100585EFF</key>
		<dict>
			<key>fileEncoding</key>
			<string>4</string>
			<key>isa</key>
			<string>PBXFileReference</string>
			<key>lastKnownFileType</key>
			<string>sourcecode.c.h</string>
			<key>path</key>
			<string>UIColor+ERCategory.h</string>
			<key>sourceTree</key>
			<string>&lt;group&gt;</string>
		</dict>
		<key>D8E722FE1F149B6100585EFF</key>
		<dict>
			<key>fileEncoding</key>
			<string>4</string>
			<key>isa</key>
			<string>PBXFileReference</string>
			<key>lastKnownFileType</key>
			<string>sourcecode.c.objc</string>
			<key>path</key>
			<string>UIColor+ERCategory.m</string>
			<key>sourceTree</key>
			<string>&lt;group&gt;</string>
		</dict>
		<key>D8E722FF1F149B6100585EFF</key>
		<dict>
			<key>fileRef</key>
			<string>D8E722FE1F149B6100585EFF</string>
			<key>isa</key>
			<string>PBXBuildFile</string>
		</dict>
		<key>D8E723001F149BD800585EFF</key>
		<dict>
			<key>fileEncoding</key>
			<string>4</string>
			<key>isa</key>
			<string>PBXFileReference</string>
			<key>lastKnownFileType</key>
			<string>sourcecode.c.h</string>
			<key>path</key>
			<string>UIImage+ERCategory.h</string>
			<key>sourceTree</key>
			<string>&lt;group&gt;</string>
		</dict>
		<key>D8E723011F149BD800585EFF</key>
		<dict>
			<key>fileEncoding</key>
			<string>4</string>
			<key>isa</key>
			<string>PBXFileReference</string>
			<key>lastKnownFileType</key>
			<string>sourcecode.c.objc</string>
			<key>path</key>
			<string>UIImage+ERCategory.m</string>
			<key>sourceTree</key>
			<string>&lt;group&gt;</string>
		</dict>
		<key>D8E723021F149BD800585EFF</key>
		<dict>
			<key>fileRef</key>
			<string>D8E723011F149BD800585EFF</string>
			<key>isa</key>
			<string>PBXBuildFile</string>
		</dict>
		<key>D8F754F71F0B700C008459D1</key>
		<dict>
			<key>children</key>
			<array>
				<string>D8F755121F0B7A46008459D1</string>
				<string>D8F755131F0B7A46008459D1</string>
				<string>D8F7550A1F0B7171008459D1</string>
				<string>D8F7550B1F0B7171008459D1</string>
				<string>D88F7F8B1F0DC57300D3E582</string>
				<string>D88F7F8C1F0DC57300D3E582</string>
				<string>D8F7550D1F0B76C8008459D1</string>
				<string>D8F7550E1F0B76C8008459D1</string>
				<string>D8F7550F1F0B76C8008459D1</string>
			</array>
			<key>isa</key>
			<string>PBXGroup</string>
			<key>path</key>
			<string>EditMenuControllers</string>
			<key>sourceTree</key>
			<string>&lt;group&gt;</string>
		</dict>
		<key>D8F754F81F0B700C008459D1</key>
		<dict>
			<key>children</key>
			<array>
				<string>D8F754F91F0B700C008459D1</string>
				<string>D8F754FA1F0B700C008459D1</string>
				<string>D8F754FE1F0B700C008459D1</string>
				<string>D8F754FF1F0B700C008459D1</string>
				<string>D8F754FB1F0B700C008459D1</string>
				<string>D8F754FC1F0B700C008459D1</string>
				<string>D8F754FD1F0B700C008459D1</string>
			</array>
			<key>isa</key>
			<string>PBXGroup</string>
			<key>path</key>
			<string>PageViewControllers</string>
			<key>sourceTree</key>
			<string>&lt;group&gt;</string>
		</dict>
		<key>D8F754F91F0B700C008459D1</key>
		<dict>
			<key>fileEncoding</key>
			<string>4</string>
			<key>isa</key>
			<string>PBXFileReference</string>
			<key>lastKnownFileType</key>
			<string>sourcecode.c.h</string>
			<key>path</key>
			<string>ERPageViewController.h</string>
			<key>sourceTree</key>
			<string>&lt;group&gt;</string>
		</dict>
		<key>D8F754FA1F0B700C008459D1</key>
		<dict>
			<key>fileEncoding</key>
			<string>4</string>
			<key>isa</key>
			<string>PBXFileReference</string>
			<key>lastKnownFileType</key>
			<string>sourcecode.c.objc</string>
			<key>path</key>
			<string>ERPageViewController.m</string>
			<key>sourceTree</key>
			<string>&lt;group&gt;</string>
		</dict>
		<key>D8F754FB1F0B700C008459D1</key>
		<dict>
			<key>fileEncoding</key>
			<string>4</string>
			<key>isa</key>
			<string>PBXFileReference</string>
			<key>lastKnownFileType</key>
			<string>sourcecode.c.h</string>
			<key>path</key>
			<string>ERSegmentCollectionViewCell.h</string>
			<key>sourceTree</key>
			<string>&lt;group&gt;</string>
		</dict>
		<key>D8F754FC1F0B700C008459D1</key>
		<dict>
			<key>fileEncoding</key>
			<string>4</string>
			<key>isa</key>
			<string>PBXFileReference</string>
			<key>lastKnownFileType</key>
			<string>sourcecode.c.objc</string>
			<key>path</key>
			<string>ERSegmentCollectionViewCell.m</string>
			<key>sourceTree</key>
			<string>&lt;group&gt;</string>
		</dict>
		<key>D8F754FD1F0B700C008459D1</key>
		<dict>
			<key>fileEncoding</key>
			<string>4</string>
			<key>isa</key>
			<string>PBXFileReference</string>
			<key>lastKnownFileType</key>
			<string>file.xib</string>
			<key>path</key>
			<string>ERSegmentCollectionViewCell.xib</string>
			<key>sourceTree</key>
			<string>&lt;group&gt;</string>
		</dict>
		<key>D8F754FE1F0B700C008459D1</key>
		<dict>
			<key>fileEncoding</key>
			<string>4</string>
			<key>isa</key>
			<string>PBXFileReference</string>
			<key>lastKnownFileType</key>
			<string>sourcecode.c.h</string>
			<key>path</key>
			<string>ERSegmentController.h</string>
			<key>sourceTree</key>
			<string>&lt;group&gt;</string>
		</dict>
		<key>D8F754FF1F0B700C008459D1</key>
		<dict>
			<key>fileEncoding</key>
			<string>4</string>
			<key>isa</key>
			<string>PBXFileReference</string>
			<key>lastKnownFileType</key>
			<string>sourcecode.c.objc</string>
			<key>path</key>
			<string>ERSegmentController.m</string>
			<key>sourceTree</key>
			<string>&lt;group&gt;</string>
		</dict>
		<key>D8F755021F0B700C008459D1</key>
		<dict>
			<key>fileRef</key>
			<string>D8F754FA1F0B700C008459D1</string>
			<key>isa</key>
			<string>PBXBuildFile</string>
		</dict>
		<key>D8F755031F0B700C008459D1</key>
		<dict>
			<key>fileRef</key>
			<string>D8F754FC1F0B700C008459D1</string>
			<key>isa</key>
			<string>PBXBuildFile</string>
		</dict>
		<key>D8F755041F0B700C008459D1</key>
		<dict>
			<key>fileRef</key>
			<string>D8F754FD1F0B700C008459D1</string>
			<key>isa</key>
			<string>PBXBuildFile</string>
		</dict>
		<key>D8F755051F0B700C008459D1</key>
		<dict>
			<key>fileRef</key>
			<string>D8F754FF1F0B700C008459D1</string>
			<key>isa</key>
			<string>PBXBuildFile</string>
		</dict>
		<key>D8F7550A1F0B7171008459D1</key>
		<dict>
			<key>fileEncoding</key>
			<string>4</string>
			<key>isa</key>
			<string>PBXFileReference</string>
			<key>lastKnownFileType</key>
			<string>sourcecode.c.h</string>
			<key>path</key>
			<string>LXReorderableCollectionViewFlowLayout.h</string>
			<key>sourceTree</key>
			<string>&lt;group&gt;</string>
		</dict>
		<key>D8F7550B1F0B7171008459D1</key>
		<dict>
			<key>fileEncoding</key>
			<string>4</string>
			<key>isa</key>
			<string>PBXFileReference</string>
			<key>lastKnownFileType</key>
			<string>sourcecode.c.objc</string>
			<key>path</key>
			<string>LXReorderableCollectionViewFlowLayout.m</string>
			<key>sourceTree</key>
			<string>&lt;group&gt;</string>
		</dict>
		<key>D8F7550C1F0B7171008459D1</key>
		<dict>
			<key>fileRef</key>
			<string>D8F7550B1F0B7171008459D1</string>
			<key>isa</key>
			<string>PBXBuildFile</string>
		</dict>
		<key>D8F7550D1F0B76C8008459D1</key>
		<dict>
			<key>fileEncoding</key>
			<string>4</string>
			<key>isa</key>
			<string>PBXFileReference</string>
			<key>lastKnownFileType</key>
			<string>sourcecode.c.h</string>
			<key>path</key>
			<string>EditMenuCollectionViewCell.h</string>
			<key>sourceTree</key>
			<string>&lt;group&gt;</string>
		</dict>
		<key>D8F7550E1F0B76C8008459D1</key>
		<dict>
			<key>fileEncoding</key>
			<string>4</string>
			<key>isa</key>
			<string>PBXFileReference</string>
			<key>lastKnownFileType</key>
			<string>sourcecode.c.objc</string>
			<key>path</key>
			<string>EditMenuCollectionViewCell.m</string>
			<key>sourceTree</key>
			<string>&lt;group&gt;</string>
		</dict>
		<key>D8F7550F1F0B76C8008459D1</key>
		<dict>
			<key>fileEncoding</key>
			<string>4</string>
			<key>isa</key>
			<string>PBXFileReference</string>
			<key>lastKnownFileType</key>
			<string>file.xib</string>
			<key>path</key>
			<string>EditMenuCollectionViewCell.xib</string>
			<key>sourceTree</key>
			<string>&lt;group&gt;</string>
		</dict>
		<key>D8F755101F0B76C8008459D1</key>
		<dict>
			<key>fileRef</key>
			<string>D8F7550E1F0B76C8008459D1</string>
			<key>isa</key>
			<string>PBXBuildFile</string>
		</dict>
		<key>D8F755111F0B76C8008459D1</key>
		<dict>
			<key>fileRef</key>
			<string>D8F7550F1F0B76C8008459D1</string>
			<key>isa</key>
			<string>PBXBuildFile</string>
		</dict>
		<key>D8F755121F0B7A46008459D1</key>
		<dict>
			<key>fileEncoding</key>
			<string>4</string>
			<key>isa</key>
			<string>PBXFileReference</string>
			<key>lastKnownFileType</key>
			<string>sourcecode.c.h</string>
			<key>path</key>
			<string>ERSegmentMenuController.h</string>
			<key>sourceTree</key>
			<string>&lt;group&gt;</string>
		</dict>
		<key>D8F755131F0B7A46008459D1</key>
		<dict>
			<key>fileEncoding</key>
			<string>4</string>
			<key>isa</key>
			<string>PBXFileReference</string>
			<key>lastKnownFileType</key>
			<string>sourcecode.c.objc</string>
			<key>path</key>
			<string>ERSegmentMenuController.m</string>
			<key>sourceTree</key>
			<string>&lt;group&gt;</string>
		</dict>
		<key>D8F755141F0B7A46008459D1</key>
		<dict>
			<key>fileRef</key>
			<string>D8F755131F0B7A46008459D1</string>
			<key>isa</key>
			<string>PBXBuildFile</string>
		</dict>
		<key>OBJCLEANCUSTOMRUNSCRIPTT</key>
		<dict>
			<key>buildActionMask</key>
			<string>2147483647</string>
			<key>files</key>
			<array/>
			<key>inputPaths</key>
			<array/>
			<key>isa</key>
			<string>PBXShellScriptBuildPhase</string>
			<key>name</key>
			<string>Objective-Clean Run Script</string>
			<key>outputPaths</key>
			<array/>
			<key>runOnlyForDeploymentPostprocessing</key>
			<string>0</string>
			<key>shellPath</key>
			<string>/bin/bash</string>
			<key>shellScript</key>
			<string>if [[ -z ${SKIP_OBJCLEAN} || ${SKIP_OBJCLEAN} != 1 ]]; then
if [[ -d "${LOCAL_APPS_DIR}/Objective-Clean.app" ]]; then 
"${LOCAL_APPS_DIR}"/Objective-Clean.app/Contents/Resources/ObjClean.app/Contents/MacOS/ObjClean "${SRCROOT}" 
else
echo "warning: You have to install and set up Objective-Clean to use its features!" 
fi
fi</string>
		</dict>
	</dict>
	<key>rootObject</key>
	<string>D86A4ADC1EE00F5900B7BF22</string>
</dict>
</plist>
